
Microsoft Visual Studio Solution File, Format Version 12.00
# Visual Studio Version 17
VisualStudioVersion = 17.3.32929.385
MinimumVisualStudioVersion = 10.0.40219.1
Project("{9A19103F-16F7-4668-BE54-9A1E7A4F7556}") = "App.Views", "App.Views\App.Views.csproj", "{65A3D628-9041-463C-986D-F43E06D36C1B}"
EndProject
Project("{FAE04EC0-301F-11D3-BF4B-00C04F79EFBC}") = "App.Data", "App.Data\App.Data.csproj", "{BDED5EB2-5B2A-4866-BD34-66B74BA9BA65}"
EndProject
Project("{FAE04EC0-301F-11D3-BF4B-00C04F79EFBC}") = "App.Business", "App.Business\App.Business.csproj", "{C688C176-3216-4D90-8F4B-41A29CE67943}"
EndProject
Global
	GlobalSection(SolutionConfigurationPlatforms) = preSolution
		Debug|Any CPU = Debug|Any CPU
		Release|Any CPU = Release|Any CPU
	EndGlobalSection
	GlobalSection(ProjectConfigurationPlatforms) = postSolution
		{65A3D628-9041-463C-986D-F43E06D36C1B}.Debug|Any CPU.ActiveCfg = Debug|Any CPU
		{65A3D628-9041-463C-986D-F43E06D36C1B}.Debug|Any CPU.Build.0 = Debug|Any CPU
		{65A3D628-9041-463C-986D-F43E06D36C1B}.Release|Any CPU.ActiveCfg = Release|Any CPU
		{65A3D628-9041-463C-986D-F43E06D36C1B}.Release|Any CPU.Build.0 = Release|Any CPU
		{BDED5EB2-5B2A-4866-BD34-66B74BA9BA65}.Debug|Any CPU.ActiveCfg = Debug|Any CPU
		{BDED5EB2-5B2A-4866-BD34-66B74BA9BA65}.Debug|Any CPU.Build.0 = Debug|Any CPU
		{BDED5EB2-5B2A-4866-BD34-66B74BA9BA65}.Release|Any CPU.ActiveCfg = Release|Any CPU
		{BDED5EB2-5B2A-4866-BD34-66B74BA9BA65}.Release|Any CPU.Build.0 = Release|Any CPU
		{C688C176-3216-4D90-8F4B-41A29CE67943}.Debug|Any CPU.ActiveCfg = Debug|Any CPU
		{C688C176-3216-4D90-8F4B-41A29CE67943}.Debug|Any CPU.Build.0 = Debug|Any CPU
		{C688C176-3216-4D90-8F4B-41A29CE67943}.Release|Any CPU.ActiveCfg = Release|Any CPU
		{C688C176-3216-4D90-8F4B-41A29CE67943}.Release|Any CPU.Build.0 = Release|Any CPU
	EndGlobalSection
	GlobalSection(SolutionProperties) = preSolution
		HideSolutionNode = FALSE
	EndGlobalSection
	GlobalSection(ExtensibilityGlobals) = postSolution
		SolutionGuid = {25740FBD-2765-4E2F-AE8D-6140ABE2AE19}
	EndGlobalSection
EndGlobal
